
Microsoft Visual Studio Solution File, Format Version 12.00
# Visual Studio Version 17
VisualStudioVersion = 17.6.33829.357
MinimumVisualStudioVersion = 10.0.40219.1
Project("{FAE04EC0-301F-11D3-BF4B-00C04F79EFBC}") = "YellowCart", "YellowCart\YellowCart.csproj", "{B56C2244-DDA0-437B-8153-08005AB33413}"
EndProject
Global
	GlobalSection(SolutionConfigurationPlatforms) = preSolution
		Debug|Any CPU = Debug|Any CPU
		Release|Any CPU = Release|Any CPU
	EndGlobalSection
	GlobalSection(ProjectConfigurationPlatforms) = postSolution
		{B56C2244-DDA0-437B-8153-08005AB33413}.Debug|Any CPU.ActiveCfg = Debug|Any CPU
		{B56C2244-DDA0-437B-8153-08005AB33413}.Debug|Any CPU.Build.0 = Debug|Any CPU
		{B56C2244-DDA0-437B-8153-08005AB33413}.Release|Any CPU.ActiveCfg = Release|Any CPU
		{B56C2244-DDA0-437B-8153-08005AB33413}.Release|Any CPU.Build.0 = Release|Any CPU
	EndGlobalSection
	GlobalSection(SolutionProperties) = preSolution
		HideSolutionNode = FALSE
	EndGlobalSection
	GlobalSection(ExtensibilityGlobals) = postSolution
		SolutionGuid = {FF2331AB-31AE-49BC-B157-2D4D91837336}
	EndGlobalSection
EndGlobal
